
Microsoft Visual Studio Solution File, Format Version 12.00
# Visual Studio Version 17
VisualStudioVersion = 17.8.34330.188
MinimumVisualStudioVersion = 10.0.40219.1
Project("{FAE04EC0-301F-11D3-BF4B-00C04F79EFBC}") = "EmployeeAPI", "EmployeeAPI\EmployeeAPI.csproj", "{1A917C9E-DD00-4842-94AE-6BD651CCE237}"
EndProject
Global
	GlobalSection(SolutionConfigurationPlatforms) = preSolution
		Debug|Any CPU = Debug|Any CPU
		Release|Any CPU = Release|Any CPU
	EndGlobalSection
	GlobalSection(ProjectConfigurationPlatforms) = postSolution
		{1A917C9E-DD00-4842-94AE-6BD651CCE237}.Debug|Any CPU.ActiveCfg = Debug|Any CPU
		{1A917C9E-DD00-4842-94AE-6BD651CCE237}.Debug|Any CPU.Build.0 = Debug|Any CPU
		{1A917C9E-DD00-4842-94AE-6BD651CCE237}.Release|Any CPU.ActiveCfg = Release|Any CPU
		{1A917C9E-DD00-4842-94AE-6BD651CCE237}.Release|Any CPU.Build.0 = Release|Any CPU
	EndGlobalSection
	GlobalSection(SolutionProperties) = preSolution
		HideSolutionNode = FALSE
	EndGlobalSection
	GlobalSection(ExtensibilityGlobals) = postSolution
		SolutionGuid = {5D954D66-9CB7-4525-B474-A3CE2046997C}
	EndGlobalSection
EndGlobal
